// !$*UTF8*$!
{
	archiveVersion = 1;
	classes = {
	};
	objectVersion = 56;
	objects = {

/* Begin PBXBuildFile section */
		C5880CC22BF5119200A1767D /* UmainAppApp.swift in Sources */ = {isa = PBXBuildFile; fileRef = C5880CC12BF5119200A1767D /* UmainAppApp.swift */; };
		C5880CC62BF5119300A1767D /* Assets.xcassets in Resources */ = {isa = PBXBuildFile; fileRef = C5880CC52BF5119300A1767D /* Assets.xcassets */; };
		C5880CC92BF5119300A1767D /* Preview Assets.xcassets in Resources */ = {isa = PBXBuildFile; fileRef = C5880CC82BF5119300A1767D /* Preview Assets.xcassets */; };
		C5880CD02BF511B200A1767D /* NetworkManager.swift in Sources */ = {isa = PBXBuildFile; fileRef = C5880CCF2BF511B200A1767D /* NetworkManager.swift */; };
		C5880CD22BF511CF00A1767D /* Model.swift in Sources */ = {isa = PBXBuildFile; fileRef = C5880CD12BF511CF00A1767D /* Model.swift */; };
		C5880CD52BF511F000A1767D /* Home.swift in Sources */ = {isa = PBXBuildFile; fileRef = C5880CD42BF511F000A1767D /* Home.swift */; };
		C5880CD72BF5120800A1767D /* RestaurantCardView.swift in Sources */ = {isa = PBXBuildFile; fileRef = C5880CD62BF5120800A1767D /* RestaurantCardView.swift */; };
		C5880CDA2BF5122400A1767D /* ViewManager.swift in Sources */ = {isa = PBXBuildFile; fileRef = C5880CD92BF5122400A1767D /* ViewManager.swift */; };
		C5880CDD2BF69F3300A1767D /* RestaurantModel.swift in Sources */ = {isa = PBXBuildFile; fileRef = C5880CDC2BF69F3300A1767D /* RestaurantModel.swift */; };
		C5880CDF2BF69F4600A1767D /* FilterModel.swift in Sources */ = {isa = PBXBuildFile; fileRef = C5880CDE2BF69F4600A1767D /* FilterModel.swift */; };
		C5880CE12BF69F5600A1767D /* OpenModel.swift in Sources */ = {isa = PBXBuildFile; fileRef = C5880CE02BF69F5600A1767D /* OpenModel.swift */; };
		C5880CE42BF69F8E00A1767D /* RestaurantViewModel.swift in Sources */ = {isa = PBXBuildFile; fileRef = C5880CE32BF69F8E00A1767D /* RestaurantViewModel.swift */; };
/* End PBXBuildFile section */

/* Begin PBXFileReference section */
		C5880CBE2BF5119200A1767D /* UmainApp.app */ = {isa = PBXFileReference; explicitFileType = wrapper.application; includeInIndex = 0; path = UmainApp.app; sourceTree = BUILT_PRODUCTS_DIR; };
		C5880CC12BF5119200A1767D /* UmainAppApp.swift */ = {isa = PBXFileReference; lastKnownFileType = sourcecode.swift; path = UmainAppApp.swift; sourceTree = "<group>"; };
		C5880CC52BF5119300A1767D /* Assets.xcassets */ = {isa = PBXFileReference; lastKnownFileType = folder.assetcatalog; path = Assets.xcassets; sourceTree = "<group>"; };
		C5880CC82BF5119300A1767D /* Preview Assets.xcassets */ = {isa = PBXFileReference; lastKnownFileType = folder.assetcatalog; path = "Preview Assets.xcassets"; sourceTree = "<group>"; };
		C5880CCF2BF511B200A1767D /* NetworkManager.swift */ = {isa = PBXFileReference; lastKnownFileType = sourcecode.swift; path = NetworkManager.swift; sourceTree = "<group>"; };
		C5880CD12BF511CF00A1767D /* Model.swift */ = {isa = PBXFileReference; lastKnownFileType = sourcecode.swift; path = Model.swift; sourceTree = "<group>"; };
		C5880CD42BF511F000A1767D /* Home.swift */ = {isa = PBXFileReference; lastKnownFileType = sourcecode.swift; path = Home.swift; sourceTree = "<group>"; };
		C5880CD62BF5120800A1767D /* RestaurantCardView.swift */ = {isa = PBXFileReference; lastKnownFileType = sourcecode.swift; path = RestaurantCardView.swift; sourceTree = "<group>"; };
		C5880CD92BF5122400A1767D /* ViewManager.swift */ = {isa = PBXFileReference; lastKnownFileType = sourcecode.swift; path = ViewManager.swift; sourceTree = "<group>"; };
		C5880CDC2BF69F3300A1767D /* RestaurantModel.swift */ = {isa = PBXFileReference; lastKnownFileType = sourcecode.swift; path = RestaurantModel.swift; sourceTree = "<group>"; };
		C5880CDE2BF69F4600A1767D /* FilterModel.swift */ = {isa = PBXFileReference; lastKnownFileType = sourcecode.swift; path = FilterModel.swift; sourceTree = "<group>"; };
		C5880CE02BF69F5600A1767D /* OpenModel.swift */ = {isa = PBXFileReference; lastKnownFileType = sourcecode.swift; path = OpenModel.swift; sourceTree = "<group>"; };
		C5880CE32BF69F8E00A1767D /* RestaurantViewModel.swift */ = {isa = PBXFileReference; lastKnownFileType = sourcecode.swift; path = RestaurantViewModel.swift; sourceTree = "<group>"; };
/* End PBXFileReference section */

/* Begin PBXFrameworksBuildPhase section */
		C5880CBB2BF5119200A1767D /* Frameworks */ = {
			isa = PBXFrameworksBuildPhase;
			buildActionMask = 2147483647;
			files = (
			);
			runOnlyForDeploymentPostprocessing = 0;
		};
/* End PBXFrameworksBuildPhase section */

/* Begin PBXGroup section */
		C5880CB52BF5119200A1767D = {
			isa = PBXGroup;
			children = (
				C5880CC02BF5119200A1767D /* UmainApp */,
				C5880CBF2BF5119200A1767D /* Products */,
			);
			sourceTree = "<group>";
		};
		C5880CBF2BF5119200A1767D /* Products */ = {
			isa = PBXGroup;
			children = (
				C5880CBE2BF5119200A1767D /* UmainApp.app */,
			);
			name = Products;
			sourceTree = "<group>";
		};
		C5880CC02BF5119200A1767D /* UmainApp */ = {
			isa = PBXGroup;
			children = (
				C5880CE22BF69F7F00A1767D /* ViewModels */,
				C5880CDB2BF69F2400A1767D /* Models */,
				C5880CD82BF5121300A1767D /* Managers */,
				C5880CD32BF511E400A1767D /* Views */,
				C5880CC12BF5119200A1767D /* UmainAppApp.swift */,
				C5880CC52BF5119300A1767D /* Assets.xcassets */,
				C5880CC72BF5119300A1767D /* Preview Content */,
				C5880CD12BF511CF00A1767D /* Model.swift */,
			);
			path = UmainApp;
			sourceTree = "<group>";
		};
		C5880CC72BF5119300A1767D /* Preview Content */ = {
			isa = PBXGroup;
			children = (
				C5880CC82BF5119300A1767D /* Preview Assets.xcassets */,
			);
			path = "Preview Content";
			sourceTree = "<group>";
		};
		C5880CD32BF511E400A1767D /* Views */ = {
			isa = PBXGroup;
			children = (
				C5880CD42BF511F000A1767D /* Home.swift */,
				C5880CD62BF5120800A1767D /* RestaurantCardView.swift */,
			);
			path = Views;
			sourceTree = "<group>";
		};
		C5880CD82BF5121300A1767D /* Managers */ = {
			isa = PBXGroup;
			children = (
				C5880CCF2BF511B200A1767D /* NetworkManager.swift */,
				C5880CD92BF5122400A1767D /* ViewManager.swift */,
			);
			path = Managers;
			sourceTree = "<group>";
		};
		C5880CDB2BF69F2400A1767D /* Models */ = {
			isa = PBXGroup;
			children = (
				C5880CDC2BF69F3300A1767D /* RestaurantModel.swift */,
				C5880CDE2BF69F4600A1767D /* FilterModel.swift */,
				C5880CE02BF69F5600A1767D /* OpenModel.swift */,
			);
			path = Models;
			sourceTree = "<group>";
		};
		C5880CE22BF69F7F00A1767D /* ViewModels */ = {
			isa = PBXGroup;
			children = (
				C5880CE32BF69F8E00A1767D /* RestaurantViewModel.swift */,
			);
			path = ViewModels;
			sourceTree = "<group>";
		};
/* End PBXGroup section */

/* Begin PBXNativeTarget section */
		C5880CBD2BF5119200A1767D /* UmainApp */ = {
			isa = PBXNativeTarget;
			buildConfigurationList = C5880CCC2BF5119300A1767D /* Build configuration list for PBXNativeTarget "UmainApp" */;
			buildPhases = (
				C5880CBA2BF5119200A1767D /* Sources */,
				C5880CBB2BF5119200A1767D /* Frameworks */,
				C5880CBC2BF5119200A1767D /* Resources */,
			);
			buildRules = (
			);
			dependencies = (
			);
			name = UmainApp;
			productName = UmainApp;
			productReference = C5880CBE2BF5119200A1767D /* UmainApp.app */;
			productType = "com.apple.product-type.application";
		};
/* End PBXNativeTarget section */

/* Begin PBXProject section */
		C5880CB62BF5119200A1767D /* Project object */ = {
			isa = PBXProject;
			attributes = {
				BuildIndependentTargetsInParallel = 1;
				LastSwiftUpdateCheck = 1500;
				LastUpgradeCheck = 1500;
				TargetAttributes = {
					C5880CBD2BF5119200A1767D = {
						CreatedOnToolsVersion = 15.0;
					};
				};
			};
			buildConfigurationList = C5880CB92BF5119200A1767D /* Build configuration list for PBXProject "UmainApp" */;
			compatibilityVersion = "Xcode 14.0";
			developmentRegion = en;
			hasScannedForEncodings = 0;
			knownRegions = (
				en,
				Base,
			);
			mainGroup = C5880CB52BF5119200A1767D;
			productRefGroup = C5880CBF2BF5119200A1767D /* Products */;
			projectDirPath = "";
			projectRoot = "";
			targets = (
				C5880CBD2BF5119200A1767D /* UmainApp */,
			);
		};
/* End PBXProject section */

/* Begin PBXResourcesBuildPhase section */
		C5880CBC2BF5119200A1767D /* Resources */ = {
			isa = PBXResourcesBuildPhase;
			buildActionMask = 2147483647;
			files = (
				C5880CC92BF5119300A1767D /* Preview Assets.xcassets in Resources */,
				C5880CC62BF5119300A1767D /* Assets.xcassets in Resources */,
			);
			runOnlyForDeploymentPostprocessing = 0;
		};
/* End PBXResourcesBuildPhase section */

/* Begin PBXSourcesBuildPhase section */
		C5880CBA2BF5119200A1767D /* Sources */ = {
			isa = PBXSourcesBuildPhase;
			buildActionMask = 2147483647;
			files = (
				C5880CE42BF69F8E00A1767D /* RestaurantViewModel.swift in Sources */,
				C5880CD02BF511B200A1767D /* NetworkManager.swift in Sources */,
				C5880CDD2BF69F3300A1767D /* RestaurantModel.swift in Sources */,
				C5880CDF2BF69F4600A1767D /* FilterModel.swift in Sources */,
				C5880CD52BF511F000A1767D /* Home.swift in Sources */,
				C5880CC22BF5119200A1767D /* UmainAppApp.swift in Sources */,
				C5880CD22BF511CF00A1767D /* Model.swift in Sources */,
				C5880CE12BF69F5600A1767D /* OpenModel.swift in Sources */,
				C5880CDA2BF5122400A1767D /* ViewManager.swift in Sources */,
				C5880CD72BF5120800A1767D /* RestaurantCardView.swift in Sources */,
			);
			runOnlyForDeploymentPostprocessing = 0;
		};
/* End PBXSourcesBuildPhase section */

/* Begin XCBuildConfiguration section */
		C5880CCA2BF5119300A1767D /* Debug */ = {
			isa = XCBuildConfiguration;
			buildSettings = {
				ALWAYS_SEARCH_USER_PATHS = NO;
				ASSETCATALOG_COMPILER_GENERATE_SWIFT_ASSET_SYMBOL_EXTENSIONS = YES;
				CLANG_ANALYZER_NONNULL = YES;
				CLANG_ANALYZER_NUMBER_OBJECT_CONVERSION = YES_AGGRESSIVE;
				CLANG_CXX_LANGUAGE_STANDARD = "gnu++20";
				CLANG_ENABLE_MODULES = YES;
				CLANG_ENABLE_OBJC_ARC = YES;
				CLANG_ENABLE_OBJC_WEAK = YES;
				CLANG_WARN_BLOCK_CAPTURE_AUTORELEASING = YES;
				CLANG_WARN_BOOL_CONVERSION = YES;
				CLANG_WARN_COMMA = YES;
				CLANG_WARN_CONSTANT_CONVERSION = YES;
				CLANG_WARN_DEPRECATED_OBJC_IMPLEMENTATIONS = YES;
				CLANG_WARN_DIRECT_OBJC_ISA_USAGE = YES_ERROR;
				CLANG_WARN_DOCUMENTATION_COMMENTS = YES;
				CLANG_WARN_EMPTY_BODY = YES;
				CLANG_WARN_ENUM_CONVERSION = YES;
				CLANG_WARN_INFINITE_RECURSION = YES;
				CLANG_WARN_INT_CONVERSION = YES;
				CLANG_WARN_NON_LITERAL_NULL_CONVERSION = YES;
				CLANG_WARN_OBJC_IMPLICIT_RETAIN_SELF = YES;
				CLANG_WARN_OBJC_LITERAL_CONVERSION = YES;
				CLANG_WARN_OBJC_ROOT_CLASS = YES_ERROR;
				CLANG_WARN_QUOTED_INCLUDE_IN_FRAMEWORK_HEADER = YES;
				CLANG_WARN_RANGE_LOOP_ANALYSIS = YES;
				CLANG_WARN_STRICT_PROTOTYPES = YES;
				CLANG_WARN_SUSPICIOUS_MOVE = YES;
				CLANG_WARN_UNGUARDED_AVAILABILITY = YES_AGGRESSIVE;
				CLANG_WARN_UNREACHABLE_CODE = YES;
				CLANG_WARN__DUPLICATE_METHOD_MATCH = YES;
				COPY_PHASE_STRIP = NO;
				DEBUG_INFORMATION_FORMAT = dwarf;
				ENABLE_STRICT_OBJC_MSGSEND = YES;
				ENABLE_TESTABILITY = YES;
				ENABLE_USER_SCRIPT_SANDBOXING = YES;
				GCC_C_LANGUAGE_STANDARD = gnu17;
				GCC_DYNAMIC_NO_PIC = NO;
				GCC_NO_COMMON_BLOCKS = YES;
				GCC_OPTIMIZATION_LEVEL = 0;
				GCC_PREPROCESSOR_DEFINITIONS = (
					"DEBUG=1",
					"$(inherited)",
				);
				GCC_WARN_64_TO_32_BIT_CONVERSION = YES;
				GCC_WARN_ABOUT_RETURN_TYPE = YES_ERROR;
				GCC_WARN_UNDECLARED_SELECTOR = YES;
				GCC_WARN_UNINITIALIZED_AUTOS = YES_AGGRESSIVE;
				GCC_WARN_UNUSED_FUNCTION = YES;
				GCC_WARN_UNUSED_VARIABLE = YES;
				IPHONEOS_DEPLOYMENT_TARGET = 17.0;
				LOCALIZATION_PREFERS_STRING_CATALOGS = YES;
				MTL_ENABLE_DEBUG_INFO = INCLUDE_SOURCE;
				MTL_FAST_MATH = YES;
				ONLY_ACTIVE_ARCH = YES;
				SDKROOT = iphoneos;
				SWIFT_ACTIVE_COMPILATION_CONDITIONS = "DEBUG $(inherited)";
				SWIFT_OPTIMIZATION_LEVEL = "-Onone";
			};
			name = Debug;
		};
		C5880CCB2BF5119300A1767D /* Release */ = {
			isa = XCBuildConfiguration;
			buildSettings = {
				ALWAYS_SEARCH_USER_PATHS = NO;
				ASSETCATALOG_COMPILER_GENERATE_SWIFT_ASSET_SYMBOL_EXTENSIONS = YES;
				CLANG_ANALYZER_NONNULL = YES;
				CLANG_ANALYZER_NUMBER_OBJECT_CONVERSION = YES_AGGRESSIVE;
				CLANG_CXX_LANGUAGE_STANDARD = "gnu++20";
				CLANG_ENABLE_MODULES = YES;
				CLANG_ENABLE_OBJC_ARC = YES;
				CLANG_ENABLE_OBJC_WEAK = YES;
				CLANG_WARN_BLOCK_CAPTURE_AUTORELEASING = YES;
				CLANG_WARN_BOOL_CONVERSION = YES;
				CLANG_WARN_COMMA = YES;
				CLANG_WARN_CONSTANT_CONVERSION = YES;
				CLANG_WARN_DEPRECATED_OBJC_IMPLEMENTATIONS = YES;
				CLANG_WARN_DIRECT_OBJC_ISA_USAGE = YES_ERROR;
				CLANG_WARN_DOCUMENTATION_COMMENTS = YES;
				CLANG_WARN_EMPTY_BODY = YES;
				CLANG_WARN_ENUM_CONVERSION = YES;
				CLANG_WARN_INFINITE_RECURSION = YES;
				CLANG_WARN_INT_CONVERSION = YES;
				CLANG_WARN_NON_LITERAL_NULL_CONVERSION = YES;
				CLANG_WARN_OBJC_IMPLICIT_RETAIN_SELF = YES;
				CLANG_WARN_OBJC_LITERAL_CONVERSION = YES;
				CLANG_WARN_OBJC_ROOT_CLASS = YES_ERROR;
				CLANG_WARN_QUOTED_INCLUDE_IN_FRAMEWORK_HEADER = YES;
				CLANG_WARN_RANGE_LOOP_ANALYSIS = YES;
				CLANG_WARN_STRICT_PROTOTYPES = YES;
				CLANG_WARN_SUSPICIOUS_MOVE = YES;
				CLANG_WARN_UNGUARDED_AVAILABILITY = YES_AGGRESSIVE;
				CLANG_WARN_UNREACHABLE_CODE = YES;
				CLANG_WARN__DUPLICATE_METHOD_MATCH = YES;
				COPY_PHASE_STRIP = NO;
				DEBUG_INFORMATION_FORMAT = "dwarf-with-dsym";
				ENABLE_NS_ASSERTIONS = NO;
				ENABLE_STRICT_OBJC_MSGSEND = YES;
				ENABLE_USER_SCRIPT_SANDBOXING = YES;
				GCC_C_LANGUAGE_STANDARD = gnu17;
				GCC_NO_COMMON_BLOCKS = YES;
				GCC_WARN_64_TO_32_BIT_CONVERSION = YES;
				GCC_WARN_ABOUT_RETURN_TYPE = YES_ERROR;
				GCC_WARN_UNDECLARED_SELECTOR = YES;
				GCC_WARN_UNINITIALIZED_AUTOS = YES_AGGRESSIVE;
				GCC_WARN_UNUSED_FUNCTION = YES;
				GCC_WARN_UNUSED_VARIABLE = YES;
				IPHONEOS_DEPLOYMENT_TARGET = 17.0;
				LOCALIZATION_PREFERS_STRING_CATALOGS = YES;
				MTL_ENABLE_DEBUG_INFO = NO;
				MTL_FAST_MATH = YES;
				SDKROOT = iphoneos;
				SWIFT_COMPILATION_MODE = wholemodule;
				VALIDATE_PRODUCT = YES;
			};
			name = Release;
		};
		C5880CCD2BF5119300A1767D /* Debug */ = {
			isa = XCBuildConfiguration;
			buildSettings = {
				ASSETCATALOG_COMPILER_APPICON_NAME = AppIcon;
				ASSETCATALOG_COMPILER_GLOBAL_ACCENT_COLOR_NAME = AccentColor;
				CODE_SIGN_STYLE = Automatic;
				CURRENT_PROJECT_VERSION = 1;
				DEVELOPMENT_ASSET_PATHS = "\"UmainApp/Preview Content\"";
				DEVELOPMENT_TEAM = 94T2DPQKGW;
				ENABLE_PREVIEWS = YES;
				GENERATE_INFOPLIST_FILE = YES;
				INFOPLIST_KEY_UIApplicationSceneManifest_Generation = YES;
				INFOPLIST_KEY_UIApplicationSupportsIndirectInputEvents = YES;
				INFOPLIST_KEY_UILaunchScreen_Generation = YES;
				INFOPLIST_KEY_UISupportedInterfaceOrientations_iPad = "UIInterfaceOrientationPortrait UIInterfaceOrientationPortraitUpsideDown UIInterfaceOrientationLandscapeLeft UIInterfaceOrientationLandscapeRight";
				INFOPLIST_KEY_UISupportedInterfaceOrientations_iPhone = "UIInterfaceOrientationPortrait UIInterfaceOrientationLandscapeLeft UIInterfaceOrientationLandscapeRight";
				LD_RUNPATH_SEARCH_PATHS = (
					"$(inherited)",
					"@executable_path/Frameworks",
				);
				MARKETING_VERSION = 1.0;
				PRODUCT_BUNDLE_IDENTIFIER = com.flumstudios.UmainApp;
				PRODUCT_NAME = "$(TARGET_NAME)";
				SWIFT_EMIT_LOC_STRINGS = YES;
				SWIFT_VERSION = 5.0;
				TARGETED_DEVICE_FAMILY = "1,2";
			};
			name = Debug;
		};
		C5880CCE2BF5119300A1767D /* Release */ = {
			isa = XCBuildConfiguration;
			buildSettings = {
				ASSETCATALOG_COMPILER_APPICON_NAME = AppIcon;
				ASSETCATALOG_COMPILER_GLOBAL_ACCENT_COLOR_NAME = AccentColor;
				CODE_SIGN_STYLE = Automatic;
				CURRENT_PROJECT_VERSION = 1;
				DEVELOPMENT_ASSET_PATHS = "\"UmainApp/Preview Content\"";
				DEVELOPMENT_TEAM = 94T2DPQKGW;
				ENABLE_PREVIEWS = YES;
				GENERATE_INFOPLIST_FILE = YES;
				INFOPLIST_KEY_UIApplicationSceneManifest_Generation = YES;
				INFOPLIST_KEY_UIApplicationSupportsIndirectInputEvents = YES;
				INFOPLIST_KEY_UILaunchScreen_Generation = YES;
				INFOPLIST_KEY_UISupportedInterfaceOrientations_iPad = "UIInterfaceOrientationPortrait UIInterfaceOrientationPortraitUpsideDown UIInterfaceOrientationLandscapeLeft UIInterfaceOrientationLandscapeRight";
				INFOPLIST_KEY_UISupportedInterfaceOrientations_iPhone = "UIInterfaceOrientationPortrait UIInterfaceOrientationLandscapeLeft UIInterfaceOrientationLandscapeRight";
				LD_RUNPATH_SEARCH_PATHS = (
					"$(inherited)",
					"@executable_path/Frameworks",
				);
				MARKETING_VERSION = 1.0;
				PRODUCT_BUNDLE_IDENTIFIER = com.flumstudios.UmainApp;
				PRODUCT_NAME = "$(TARGET_NAME)";
				SWIFT_EMIT_LOC_STRINGS = YES;
				SWIFT_VERSION = 5.0;
				TARGETED_DEVICE_FAMILY = "1,2";
			};
			name = Release;
		};
/* End XCBuildConfiguration section */

/* Begin XCConfigurationList section */
		C5880CB92BF5119200A1767D /* Build configuration list for PBXProject "UmainApp" */ = {
			isa = XCConfigurationList;
			buildConfigurations = (
				C5880CCA2BF5119300A1767D /* Debug */,
				C5880CCB2BF5119300A1767D /* Release */,
			);
			defaultConfigurationIsVisible = 0;
			defaultConfigurationName = Release;
		};
		C5880CCC2BF5119300A1767D /* Build configuration list for PBXNativeTarget "UmainApp" */ = {
			isa = XCConfigurationList;
			buildConfigurations = (
				C5880CCD2BF5119300A1767D /* Debug */,
				C5880CCE2BF5119300A1767D /* Release */,
			);
			defaultConfigurationIsVisible = 0;
			defaultConfigurationName = Release;
		};
/* End XCConfigurationList section */
	};
	rootObject = C5880CB62BF5119200A1767D /* Project object */;
}
